
Microsoft Visual Studio Solution File, Format Version 12.00
# Visual Studio Version 17
VisualStudioVersion = 17.13.35818.85 d17.13
MinimumVisualStudioVersion = 10.0.40219.1
Project("{FAE04EC0-301F-11D3-BF4B-00C04F79EFBC}") = "Financas", "Financas.csproj", "{4AD7F293-B977-40F1-984D-17D6A205AFCE}"
EndProject
Global
	GlobalSection(SolutionConfigurationPlatforms) = preSolution
		Debug|Any CPU = Debug|Any CPU
		Release|Any CPU = Release|Any CPU
	EndGlobalSection
	GlobalSection(ProjectConfigurationPlatforms) = postSolution
		{4AD7F293-B977-40F1-984D-17D6A205AFCE}.Debug|Any CPU.ActiveCfg = Debug|Any CPU
		{4AD7F293-B977-40F1-984D-17D6A205AFCE}.Debug|Any CPU.Build.0 = Debug|Any CPU
		{4AD7F293-B977-40F1-984D-17D6A205AFCE}.Release|Any CPU.ActiveCfg = Release|Any CPU
		{4AD7F293-B977-40F1-984D-17D6A205AFCE}.Release|Any CPU.Build.0 = Release|Any CPU
	EndGlobalSection
	GlobalSection(SolutionProperties) = preSolution
		HideSolutionNode = FALSE
	EndGlobalSection
	GlobalSection(ExtensibilityGlobals) = postSolution
		SolutionGuid = {C3F13CD8-7AA7-42F6-8922-20526290C911}
	EndGlobalSection
EndGlobal
